
Microsoft Visual Studio Solution File, Format Version 12.00
# Visual Studio 15
VisualStudioVersion = 15.0.26228.4
MinimumVisualStudioVersion = 10.0.40219.1
Project("{2150E333-8FDC-42A3-9474-1A3956D46DE8}") = "ReadMe", "ReadMe", "{F5DF7FAD-8623-43B7-BE83-9EFAA57DF7DB}"
EndProject
Project("{FAE04EC0-301F-11D3-BF4B-00C04F79EFBC}") = "SabberStoneCore", "SabberStoneCore\SabberStoneCore.csproj", "{2916863C-6E4E-4009-AC21-3487A1A9B333}"
EndProject
Project("{FAE04EC0-301F-11D3-BF4B-00C04F79EFBC}") = "SabberStoneCoreTest", "SabberStoneCoreTest\SabberStoneCoreTest.csproj", "{4858A01E-6F37-4170-AFE3-4C76E514FE19}"
EndProject
Project("{FAE04EC0-301F-11D3-BF4B-00C04F79EFBC}") = "SabberStoneCoreConsole", "SabberStoneCoreConsole\SabberStoneCoreConsole.csproj", "{A47F02BC-540C-4576-AD4F-96B3543DC2B4}"
EndProject
Project("{FAE04EC0-301F-11D3-BF4B-00C04F79EFBC}") = "SabberStoneCoreAi", "SabberStoneCoreAi\SabberStoneCoreAi.csproj", "{B3B74404-BDEA-435C-800E-C184BEB0EB60}"
EndProject
Project("{FAE04EC0-301F-11D3-BF4B-00C04F79EFBC}") = "SabberStoneGui", "SabberStoneGui\SabberStoneGui.csproj", "{D96672D9-240A-4745-9067-4DE39E098E03}"
EndProject
Project("{FAE04EC0-301F-11D3-BF4B-00C04F79EFBC}") = "SabberStoneKettleClient", "SabberStoneKetteClient\SabberStoneKettleClient.csproj", "{5DB9BC27-E64B-4B89-B125-919AC57E0E9F}"
EndProject
Project("{FAE04EC0-301F-11D3-BF4B-00C04F79EFBC}") = "SabberStoneKettle", "SabberStoneKettle\SabberStoneKettle.csproj", "{6DEADFED-C31C-45E5-A370-FDB93BE227BD}"
EndProject
Project("{9A19103F-16F7-4668-BE54-9A1E7A4F7556}") = "SabberStoneKettleSimulator", "SabberStoneKettleSimulator\SabberStoneKettleSimulator.csproj", "{4B889067-2E85-4396-88FF-1E6B43AF05F7}"
EndProject
Global
	GlobalSection(SolutionConfigurationPlatforms) = preSolution
		Debug|Any CPU = Debug|Any CPU
		Debug|x64 = Debug|x64
		Debug|x86 = Debug|x86
		Release|Any CPU = Release|Any CPU
		Release|x64 = Release|x64
		Release|x86 = Release|x86
	EndGlobalSection
	GlobalSection(ProjectConfigurationPlatforms) = postSolution
		{2916863C-6E4E-4009-AC21-3487A1A9B333}.Debug|Any CPU.ActiveCfg = Debug|Any CPU
		{2916863C-6E4E-4009-AC21-3487A1A9B333}.Debug|Any CPU.Build.0 = Debug|Any CPU
		{2916863C-6E4E-4009-AC21-3487A1A9B333}.Debug|x64.ActiveCfg = Debug|Any CPU
		{2916863C-6E4E-4009-AC21-3487A1A9B333}.Debug|x64.Build.0 = Debug|Any CPU
		{2916863C-6E4E-4009-AC21-3487A1A9B333}.Debug|x86.ActiveCfg = Debug|Any CPU
		{2916863C-6E4E-4009-AC21-3487A1A9B333}.Debug|x86.Build.0 = Debug|Any CPU
		{2916863C-6E4E-4009-AC21-3487A1A9B333}.Release|Any CPU.ActiveCfg = Release|Any CPU
		{2916863C-6E4E-4009-AC21-3487A1A9B333}.Release|Any CPU.Build.0 = Release|Any CPU
		{2916863C-6E4E-4009-AC21-3487A1A9B333}.Release|x64.ActiveCfg = Release|Any CPU
		{2916863C-6E4E-4009-AC21-3487A1A9B333}.Release|x64.Build.0 = Release|Any CPU
		{2916863C-6E4E-4009-AC21-3487A1A9B333}.Release|x86.ActiveCfg = Release|Any CPU
		{2916863C-6E4E-4009-AC21-3487A1A9B333}.Release|x86.Build.0 = Release|Any CPU
		{4858A01E-6F37-4170-AFE3-4C76E514FE19}.Debug|Any CPU.ActiveCfg = Debug|Any CPU
		{4858A01E-6F37-4170-AFE3-4C76E514FE19}.Debug|Any CPU.Build.0 = Debug|Any CPU
		{4858A01E-6F37-4170-AFE3-4C76E514FE19}.Debug|x64.ActiveCfg = Debug|Any CPU
		{4858A01E-6F37-4170-AFE3-4C76E514FE19}.Debug|x64.Build.0 = Debug|Any CPU
		{4858A01E-6F37-4170-AFE3-4C76E514FE19}.Debug|x86.ActiveCfg = Debug|Any CPU
		{4858A01E-6F37-4170-AFE3-4C76E514FE19}.Debug|x86.Build.0 = Debug|Any CPU
		{4858A01E-6F37-4170-AFE3-4C76E514FE19}.Release|Any CPU.ActiveCfg = Release|Any CPU
		{4858A01E-6F37-4170-AFE3-4C76E514FE19}.Release|Any CPU.Build.0 = Release|Any CPU
		{4858A01E-6F37-4170-AFE3-4C76E514FE19}.Release|x64.ActiveCfg = Release|Any CPU
		{4858A01E-6F37-4170-AFE3-4C76E514FE19}.Release|x64.Build.0 = Release|Any CPU
		{4858A01E-6F37-4170-AFE3-4C76E514FE19}.Release|x86.ActiveCfg = Release|Any CPU
		{4858A01E-6F37-4170-AFE3-4C76E514FE19}.Release|x86.Build.0 = Release|Any CPU
		{A47F02BC-540C-4576-AD4F-96B3543DC2B4}.Debug|Any CPU.ActiveCfg = Debug|Any CPU
		{A47F02BC-540C-4576-AD4F-96B3543DC2B4}.Debug|Any CPU.Build.0 = Debug|Any CPU
		{A47F02BC-540C-4576-AD4F-96B3543DC2B4}.Debug|x64.ActiveCfg = Debug|Any CPU
		{A47F02BC-540C-4576-AD4F-96B3543DC2B4}.Debug|x64.Build.0 = Debug|Any CPU
		{A47F02BC-540C-4576-AD4F-96B3543DC2B4}.Debug|x86.ActiveCfg = Debug|Any CPU
		{A47F02BC-540C-4576-AD4F-96B3543DC2B4}.Debug|x86.Build.0 = Debug|Any CPU
		{A47F02BC-540C-4576-AD4F-96B3543DC2B4}.Release|Any CPU.ActiveCfg = Release|Any CPU
		{A47F02BC-540C-4576-AD4F-96B3543DC2B4}.Release|Any CPU.Build.0 = Release|Any CPU
		{A47F02BC-540C-4576-AD4F-96B3543DC2B4}.Release|x64.ActiveCfg = Release|Any CPU
		{A47F02BC-540C-4576-AD4F-96B3543DC2B4}.Release|x64.Build.0 = Release|Any CPU
		{A47F02BC-540C-4576-AD4F-96B3543DC2B4}.Release|x86.ActiveCfg = Release|Any CPU
		{A47F02BC-540C-4576-AD4F-96B3543DC2B4}.Release|x86.Build.0 = Release|Any CPU
		{B3B74404-BDEA-435C-800E-C184BEB0EB60}.Debug|Any CPU.ActiveCfg = Debug|Any CPU
		{B3B74404-BDEA-435C-800E-C184BEB0EB60}.Debug|Any CPU.Build.0 = Debug|Any CPU
		{B3B74404-BDEA-435C-800E-C184BEB0EB60}.Debug|x64.ActiveCfg = Debug|Any CPU
		{B3B74404-BDEA-435C-800E-C184BEB0EB60}.Debug|x64.Build.0 = Debug|Any CPU
		{B3B74404-BDEA-435C-800E-C184BEB0EB60}.Debug|x86.ActiveCfg = Debug|Any CPU
		{B3B74404-BDEA-435C-800E-C184BEB0EB60}.Debug|x86.Build.0 = Debug|Any CPU
		{B3B74404-BDEA-435C-800E-C184BEB0EB60}.Release|Any CPU.ActiveCfg = Release|Any CPU
		{B3B74404-BDEA-435C-800E-C184BEB0EB60}.Release|Any CPU.Build.0 = Release|Any CPU
		{B3B74404-BDEA-435C-800E-C184BEB0EB60}.Release|x64.ActiveCfg = Release|Any CPU
		{B3B74404-BDEA-435C-800E-C184BEB0EB60}.Release|x64.Build.0 = Release|Any CPU
		{B3B74404-BDEA-435C-800E-C184BEB0EB60}.Release|x86.ActiveCfg = Release|Any CPU
		{B3B74404-BDEA-435C-800E-C184BEB0EB60}.Release|x86.Build.0 = Release|Any CPU
		{D96672D9-240A-4745-9067-4DE39E098E03}.Debug|Any CPU.ActiveCfg = Debug|Any CPU
		{D96672D9-240A-4745-9067-4DE39E098E03}.Debug|Any CPU.Build.0 = Debug|Any CPU
		{D96672D9-240A-4745-9067-4DE39E098E03}.Debug|x64.ActiveCfg = Debug|Any CPU
		{D96672D9-240A-4745-9067-4DE39E098E03}.Debug|x64.Build.0 = Debug|Any CPU
		{D96672D9-240A-4745-9067-4DE39E098E03}.Debug|x86.ActiveCfg = Debug|Any CPU
		{D96672D9-240A-4745-9067-4DE39E098E03}.Debug|x86.Build.0 = Debug|Any CPU
		{D96672D9-240A-4745-9067-4DE39E098E03}.Release|Any CPU.ActiveCfg = Release|Any CPU
		{D96672D9-240A-4745-9067-4DE39E098E03}.Release|Any CPU.Build.0 = Release|Any CPU
		{D96672D9-240A-4745-9067-4DE39E098E03}.Release|x64.ActiveCfg = Release|Any CPU
		{D96672D9-240A-4745-9067-4DE39E098E03}.Release|x64.Build.0 = Release|Any CPU
		{D96672D9-240A-4745-9067-4DE39E098E03}.Release|x86.ActiveCfg = Release|Any CPU
		{D96672D9-240A-4745-9067-4DE39E098E03}.Release|x86.Build.0 = Release|Any CPU
		{5DB9BC27-E64B-4B89-B125-919AC57E0E9F}.Debug|Any CPU.ActiveCfg = Debug|Any CPU
		{5DB9BC27-E64B-4B89-B125-919AC57E0E9F}.Debug|Any CPU.Build.0 = Debug|Any CPU
		{5DB9BC27-E64B-4B89-B125-919AC57E0E9F}.Debug|x64.ActiveCfg = Debug|Any CPU
		{5DB9BC27-E64B-4B89-B125-919AC57E0E9F}.Debug|x64.Build.0 = Debug|Any CPU
		{5DB9BC27-E64B-4B89-B125-919AC57E0E9F}.Debug|x86.ActiveCfg = Debug|Any CPU
		{5DB9BC27-E64B-4B89-B125-919AC57E0E9F}.Debug|x86.Build.0 = Debug|Any CPU
		{5DB9BC27-E64B-4B89-B125-919AC57E0E9F}.Release|Any CPU.ActiveCfg = Release|Any CPU
		{5DB9BC27-E64B-4B89-B125-919AC57E0E9F}.Release|Any CPU.Build.0 = Release|Any CPU
		{5DB9BC27-E64B-4B89-B125-919AC57E0E9F}.Release|x64.ActiveCfg = Release|Any CPU
		{5DB9BC27-E64B-4B89-B125-919AC57E0E9F}.Release|x64.Build.0 = Release|Any CPU
		{5DB9BC27-E64B-4B89-B125-919AC57E0E9F}.Release|x86.ActiveCfg = Release|Any CPU
		{5DB9BC27-E64B-4B89-B125-919AC57E0E9F}.Release|x86.Build.0 = Release|Any CPU
		{6DEADFED-C31C-45E5-A370-FDB93BE227BD}.Debug|Any CPU.ActiveCfg = Debug|Any CPU
		{6DEADFED-C31C-45E5-A370-FDB93BE227BD}.Debug|Any CPU.Build.0 = Debug|Any CPU
		{6DEADFED-C31C-45E5-A370-FDB93BE227BD}.Debug|x64.ActiveCfg = Debug|Any CPU
		{6DEADFED-C31C-45E5-A370-FDB93BE227BD}.Debug|x64.Build.0 = Debug|Any CPU
		{6DEADFED-C31C-45E5-A370-FDB93BE227BD}.Debug|x86.ActiveCfg = Debug|Any CPU
		{6DEADFED-C31C-45E5-A370-FDB93BE227BD}.Debug|x86.Build.0 = Debug|Any CPU
		{6DEADFED-C31C-45E5-A370-FDB93BE227BD}.Release|Any CPU.ActiveCfg = Release|Any CPU
		{6DEADFED-C31C-45E5-A370-FDB93BE227BD}.Release|Any CPU.Build.0 = Release|Any CPU
		{6DEADFED-C31C-45E5-A370-FDB93BE227BD}.Release|x64.ActiveCfg = Release|Any CPU
		{6DEADFED-C31C-45E5-A370-FDB93BE227BD}.Release|x64.Build.0 = Release|Any CPU
		{6DEADFED-C31C-45E5-A370-FDB93BE227BD}.Release|x86.ActiveCfg = Release|Any CPU
		{6DEADFED-C31C-45E5-A370-FDB93BE227BD}.Release|x86.Build.0 = Release|Any CPU
		{4B889067-2E85-4396-88FF-1E6B43AF05F7}.Debug|Any CPU.ActiveCfg = Debug|Any CPU
		{4B889067-2E85-4396-88FF-1E6B43AF05F7}.Debug|Any CPU.Build.0 = Debug|Any CPU
		{4B889067-2E85-4396-88FF-1E6B43AF05F7}.Debug|x64.ActiveCfg = Debug|Any CPU
		{4B889067-2E85-4396-88FF-1E6B43AF05F7}.Debug|x64.Build.0 = Debug|Any CPU
		{4B889067-2E85-4396-88FF-1E6B43AF05F7}.Debug|x86.ActiveCfg = Debug|Any CPU
		{4B889067-2E85-4396-88FF-1E6B43AF05F7}.Debug|x86.Build.0 = Debug|Any CPU
		{4B889067-2E85-4396-88FF-1E6B43AF05F7}.Release|Any CPU.ActiveCfg = Release|Any CPU
		{4B889067-2E85-4396-88FF-1E6B43AF05F7}.Release|Any CPU.Build.0 = Release|Any CPU
		{4B889067-2E85-4396-88FF-1E6B43AF05F7}.Release|x64.ActiveCfg = Release|Any CPU
		{4B889067-2E85-4396-88FF-1E6B43AF05F7}.Release|x64.Build.0 = Release|Any CPU
		{4B889067-2E85-4396-88FF-1E6B43AF05F7}.Release|x86.ActiveCfg = Release|Any CPU
		{4B889067-2E85-4396-88FF-1E6B43AF05F7}.Release|x86.Build.0 = Release|Any CPU
	EndGlobalSection
	GlobalSection(SolutionProperties) = preSolution
		HideSolutionNode = FALSE
	EndGlobalSection
	GlobalSection(ExtensibilityGlobals) = postSolution
		VisualSVNWorkingCopyRoot = .
	EndGlobalSection
EndGlobal
